{
  "originHash" : "2fce3053321598152f5d25cdf816aac08a85233d240f85671b55606de23aacc1",
  "pins" : [
    {
      "identity" : "alamofire",
      "kind" : "remoteSourceControl",
      "location" : "https://github.com/Alamofire/Alamofire",
      "state" : {
        "revision" : "513364f870f6bfc468f9d2ff0a95caccc10044c5",
        "version" : "5.10.2"
      }
    },
    {
      "identity" : "kakao-ios-sdk",
      "kind" : "remoteSourceControl",
      "location" : "https://github.com/kakao/kakao-ios-sdk",
      "state" : {
        "revision" : "f04b5655f3528e8c21a0ff7db047eeb138135394",
        "version" : "2.26.0"
      }
    },
    {
      "identity" : "kingfisher",
      "kind" : "remoteSourceControl",
      "location" : "https://github.com/onevcat/Kingfisher",
      "state" : {
        "revision" : "2015fda791daa72c8058619545a593bf8c1dd59f",
        "version" : "8.5.0"
      }
    },
    {
      "identity" : "livith-ios-designsystem",
      "kind" : "remoteSourceControl",
      "location" : "https://github.com/mediunn/Livith-iOS-DesignSystem.git",
      "state" : {
        "revision" : "124f099c9565df267a3e7f2c47cdd427948461cc",
        "version" : "1.0.0"
      }
    },
    {
      "identity" : "youtubeplayerkit",
      "kind" : "remoteSourceControl",
      "location" : "https://github.com/SvenTiigi/YouTubePlayerKit",
      "state" : {
        "revision" : "fe1c1ec340f6d79866131432ecaa190fd6bbc4cb",
        "version" : "1.9.0"
      }
    }
  ],
  "version" : 3
}
