{
  "originHash" : "e05b91eb831ad1932f248ff21a2beeafa39f6ed9db2fa3d6ae178ae77105dd82",
  "pins" : [
    {
      "identity" : "alamofire",
      "kind" : "remoteSourceControl",
      "location" : "https://github.com/Alamofire/Alamofire",
      "state" : {
        "revision" : "7be73f6c2b5cd90e40798b06ebd5da8f9f79cf88",
        "version" : "5.11.0"
      }
    },
    {
      "identity" : "kakao-ios-sdk",
      "kind" : "remoteSourceControl",
      "location" : "https://github.com/kakao/kakao-ios-sdk",
      "state" : {
        "revision" : "1a2b530921ab9d1f4385ced84109b7a86d42cff8",
        "version" : "2.27.1"
      }
    },
    {
      "identity" : "kingfisher",
      "kind" : "remoteSourceControl",
      "location" : "https://github.com/onevcat/Kingfisher.git",
      "state" : {
        "revision" : "d30a5fad881137e2267f96a8e3fc35c58999bb94",
        "version" : "8.6.2"
      }
    },
    {
      "identity" : "youtubeplayerkit",
      "kind" : "remoteSourceControl",
      "location" : "https://github.com/SvenTiigi/YouTubePlayerKit",
      "state" : {
        "revision" : "fe1c1ec340f6d79866131432ecaa190fd6bbc4cb",
        "version" : "1.9.0"
      }
    }
  ],
  "version" : 3
}
